
Microsoft Visual Studio Solution File, Format Version 12.00
# Visual Studio Version 17
VisualStudioVersion = 17.0.31912.275
MinimumVisualStudioVersion = 10.0.40219.1
Project("{9A19103F-16F7-4668-BE54-9A1E7A4F7556}") = "LootGod", "LootGod.csproj", "{4CACB3D4-3358-458B-84B2-6080E8B71925}"
EndProject
Project("{2150E333-8FDC-42A3-9474-1A3956D46DE8}") = "Solution Items", "Solution Items", "{D31AF743-0F30-4975-A06A-CD4165B8EDB6}"
	ProjectSection(SolutionItems) = preProject
		.env = .env
	EndProjectSection
EndProject
Global
	GlobalSection(SolutionConfigurationPlatforms) = preSolution
		Debug|Any CPU = Debug|Any CPU
		Release|Any CPU = Release|Any CPU
	EndGlobalSection
	GlobalSection(ProjectConfigurationPlatforms) = postSolution
		{4CACB3D4-3358-458B-84B2-6080E8B71925}.Debug|Any CPU.ActiveCfg = Debug|Any CPU
		{4CACB3D4-3358-458B-84B2-6080E8B71925}.Debug|Any CPU.Build.0 = Debug|Any CPU
		{4CACB3D4-3358-458B-84B2-6080E8B71925}.Release|Any CPU.ActiveCfg = Release|Any CPU
		{4CACB3D4-3358-458B-84B2-6080E8B71925}.Release|Any CPU.Build.0 = Release|Any CPU
	EndGlobalSection
	GlobalSection(SolutionProperties) = preSolution
		HideSolutionNode = FALSE
	EndGlobalSection
	GlobalSection(ExtensibilityGlobals) = postSolution
		SolutionGuid = {3D2B2E76-5A65-4E0B-ABDE-7269B5628256}
	EndGlobalSection
EndGlobal
